// !$*UTF8*$!
{
	archiveVersion = 1;
	classes = {
	};
	objectVersion = 46;
	objects = {

/* Begin PBXBuildFile section */
		79449A9EE9F0732F643D626B /* Pods_flixTests.framework in Frameworks */ = {isa = PBXBuildFile; fileRef = B5B80949B0923320B2BCCABA /* Pods_flixTests.framework */; };
		860B48A51EFD0901003D6FD4 /* DetailViewController.swift in Sources */ = {isa = PBXBuildFile; fileRef = 860B48A41EFD0901003D6FD4 /* DetailViewController.swift */; };
		860B48A71EFDC19C003D6FD4 /* PosterCell.swift in Sources */ = {isa = PBXBuildFile; fileRef = 860B48A61EFDC19C003D6FD4 /* PosterCell.swift */; };
		860B48A91EFDC1FF003D6FD4 /* SuperheroViewController.swift in Sources */ = {isa = PBXBuildFile; fileRef = 860B48A81EFDC1FF003D6FD4 /* SuperheroViewController.swift */; };
		86E1EA6D1EFDEB3D00627EB0 /* TopMoviesViewController.swift in Sources */ = {isa = PBXBuildFile; fileRef = 86E1EA6C1EFDEB3D00627EB0 /* TopMoviesViewController.swift */; };
		86E1EA711EFDEE5000627EB0 /* TopMovieCell.swift in Sources */ = {isa = PBXBuildFile; fileRef = 86E1EA701EFDEE5000627EB0 /* TopMovieCell.swift */; };
		86FB6BE21EFB1B1D00FAFC8F /* AppDelegate.swift in Sources */ = {isa = PBXBuildFile; fileRef = 86FB6BE11EFB1B1D00FAFC8F /* AppDelegate.swift */; };
		86FB6BE71EFB1B1D00FAFC8F /* Main.storyboard in Resources */ = {isa = PBXBuildFile; fileRef = 86FB6BE51EFB1B1D00FAFC8F /* Main.storyboard */; };
		86FB6BE91EFB1B1D00FAFC8F /* Assets.xcassets in Resources */ = {isa = PBXBuildFile; fileRef = 86FB6BE81EFB1B1D00FAFC8F /* Assets.xcassets */; };
		86FB6BEC1EFB1B1D00FAFC8F /* LaunchScreen.storyboard in Resources */ = {isa = PBXBuildFile; fileRef = 86FB6BEA1EFB1B1D00FAFC8F /* LaunchScreen.storyboard */; };
		86FB6BF71EFB1B1E00FAFC8F /* flixTests.swift in Sources */ = {isa = PBXBuildFile; fileRef = 86FB6BF61EFB1B1E00FAFC8F /* flixTests.swift */; };
		86FB6C021EFB1B1E00FAFC8F /* flixUITests.swift in Sources */ = {isa = PBXBuildFile; fileRef = 86FB6C011EFB1B1E00FAFC8F /* flixUITests.swift */; };
		86FB6C841EFB25C500FAFC8F /* MoviesViewController.swift in Sources */ = {isa = PBXBuildFile; fileRef = 86FB6C831EFB25C500FAFC8F /* MoviesViewController.swift */; };
		86FB6C891EFB30D400FAFC8F /* MovieCell.swift in Sources */ = {isa = PBXBuildFile; fileRef = 86FB6C881EFB30D400FAFC8F /* MovieCell.swift */; };
		91AE9E44CE37382100243682 /* Pods_flix.framework in Frameworks */ = {isa = PBXBuildFile; fileRef = CF607756143308DE372614C7 /* Pods_flix.framework */; };
		D3F6976C81C65017D48F22B4 /* Pods_flixUITests.framework in Frameworks */ = {isa = PBXBuildFile; fileRef = 4C5D2B727355A80E7FC38097 /* Pods_flixUITests.framework */; };
/* End PBXBuildFile section */

/* Begin PBXContainerItemProxy section */
		86FB6BF31EFB1B1E00FAFC8F /* PBXContainerItemProxy */ = {
			isa = PBXContainerItemProxy;
			containerPortal = 86FB6BD61EFB1B1D00FAFC8F /* Project object */;
			proxyType = 1;
			remoteGlobalIDString = 86FB6BDD1EFB1B1D00FAFC8F;
			remoteInfo = flix;
		};
		86FB6BFE1EFB1B1E00FAFC8F /* PBXContainerItemProxy */ = {
			isa = PBXContainerItemProxy;
			containerPortal = 86FB6BD61EFB1B1D00FAFC8F /* Project object */;
			proxyType = 1;
			remoteGlobalIDString = 86FB6BDD1EFB1B1D00FAFC8F;
			remoteInfo = flix;
		};
/* End PBXContainerItemProxy section */

/* Begin PBXFileReference section */
		062F966D497890794FC580A8 /* Pods-flixUITests.release.xcconfig */ = {isa = PBXFileReference; includeInIndex = 1; lastKnownFileType = text.xcconfig; name = "Pods-flixUITests.release.xcconfig"; path = "Pods/Target Support Files/Pods-flixUITests/Pods-flixUITests.release.xcconfig"; sourceTree = "<group>"; };
		0C363325CE2865A952BD3433 /* Pods-flix.release.xcconfig */ = {isa = PBXFileReference; includeInIndex = 1; lastKnownFileType = text.xcconfig; name = "Pods-flix.release.xcconfig"; path = "Pods/Target Support Files/Pods-flix/Pods-flix.release.xcconfig"; sourceTree = "<group>"; };
		4C5D2B727355A80E7FC38097 /* Pods_flixUITests.framework */ = {isa = PBXFileReference; explicitFileType = wrapper.framework; includeInIndex = 0; path = Pods_flixUITests.framework; sourceTree = BUILT_PRODUCTS_DIR; };
		860B48A41EFD0901003D6FD4 /* DetailViewController.swift */ = {isa = PBXFileReference; fileEncoding = 4; lastKnownFileType = sourcecode.swift; path = DetailViewController.swift; sourceTree = "<group>"; };
		860B48A61EFDC19C003D6FD4 /* PosterCell.swift */ = {isa = PBXFileReference; fileEncoding = 4; lastKnownFileType = sourcecode.swift; path = PosterCell.swift; sourceTree = "<group>"; };
		860B48A81EFDC1FF003D6FD4 /* SuperheroViewController.swift */ = {isa = PBXFileReference; fileEncoding = 4; lastKnownFileType = sourcecode.swift; path = SuperheroViewController.swift; sourceTree = "<group>"; };
		86E1EA6C1EFDEB3D00627EB0 /* TopMoviesViewController.swift */ = {isa = PBXFileReference; fileEncoding = 4; lastKnownFileType = sourcecode.swift; path = TopMoviesViewController.swift; sourceTree = "<group>"; };
		86E1EA701EFDEE5000627EB0 /* TopMovieCell.swift */ = {isa = PBXFileReference; fileEncoding = 4; lastKnownFileType = sourcecode.swift; path = TopMovieCell.swift; sourceTree = "<group>"; };
		86FB6BDE1EFB1B1D00FAFC8F /* flix.app */ = {isa = PBXFileReference; explicitFileType = wrapper.application; includeInIndex = 0; path = flix.app; sourceTree = BUILT_PRODUCTS_DIR; };
		86FB6BE11EFB1B1D00FAFC8F /* AppDelegate.swift */ = {isa = PBXFileReference; lastKnownFileType = sourcecode.swift; path = AppDelegate.swift; sourceTree = "<group>"; };
		86FB6BE61EFB1B1D00FAFC8F /* Base */ = {isa = PBXFileReference; lastKnownFileType = file.storyboard; name = Base; path = Base.lproj/Main.storyboard; sourceTree = "<group>"; };
		86FB6BE81EFB1B1D00FAFC8F /* Assets.xcassets */ = {isa = PBXFileReference; lastKnownFileType = folder.assetcatalog; path = Assets.xcassets; sourceTree = "<group>"; };
		86FB6BEB1EFB1B1D00FAFC8F /* Base */ = {isa = PBXFileReference; lastKnownFileType = file.storyboard; name = Base; path = Base.lproj/LaunchScreen.storyboard; sourceTree = "<group>"; };
		86FB6BED1EFB1B1D00FAFC8F /* Info.plist */ = {isa = PBXFileReference; lastKnownFileType = text.plist.xml; path = Info.plist; sourceTree = "<group>"; };
		86FB6BF21EFB1B1E00FAFC8F /* flixTests.xctest */ = {isa = PBXFileReference; explicitFileType = wrapper.cfbundle; includeInIndex = 0; path = flixTests.xctest; sourceTree = BUILT_PRODUCTS_DIR; };
		86FB6BF61EFB1B1E00FAFC8F /* flixTests.swift */ = {isa = PBXFileReference; lastKnownFileType = sourcecode.swift; path = flixTests.swift; sourceTree = "<group>"; };
		86FB6BF81EFB1B1E00FAFC8F /* Info.plist */ = {isa = PBXFileReference; lastKnownFileType = text.plist.xml; path = Info.plist; sourceTree = "<group>"; };
		86FB6BFD1EFB1B1E00FAFC8F /* flixUITests.xctest */ = {isa = PBXFileReference; explicitFileType = wrapper.cfbundle; includeInIndex = 0; path = flixUITests.xctest; sourceTree = BUILT_PRODUCTS_DIR; };
		86FB6C011EFB1B1E00FAFC8F /* flixUITests.swift */ = {isa = PBXFileReference; lastKnownFileType = sourcecode.swift; path = flixUITests.swift; sourceTree = "<group>"; };
		86FB6C031EFB1B1E00FAFC8F /* Info.plist */ = {isa = PBXFileReference; lastKnownFileType = text.plist.xml; path = Info.plist; sourceTree = "<group>"; };
		86FB6C831EFB25C500FAFC8F /* MoviesViewController.swift */ = {isa = PBXFileReference; fileEncoding = 4; lastKnownFileType = sourcecode.swift; path = MoviesViewController.swift; sourceTree = "<group>"; };
		86FB6C881EFB30D400FAFC8F /* MovieCell.swift */ = {isa = PBXFileReference; fileEncoding = 4; lastKnownFileType = sourcecode.swift; path = MovieCell.swift; sourceTree = "<group>"; };
		92672B137D729393525F22A3 /* Pods-flixTests.debug.xcconfig */ = {isa = PBXFileReference; includeInIndex = 1; lastKnownFileType = text.xcconfig; name = "Pods-flixTests.debug.xcconfig"; path = "Pods/Target Support Files/Pods-flixTests/Pods-flixTests.debug.xcconfig"; sourceTree = "<group>"; };
		A5FA29C071776FED3AB77665 /* Pods-flixTests.release.xcconfig */ = {isa = PBXFileReference; includeInIndex = 1; lastKnownFileType = text.xcconfig; name = "Pods-flixTests.release.xcconfig"; path = "Pods/Target Support Files/Pods-flixTests/Pods-flixTests.release.xcconfig"; sourceTree = "<group>"; };
		B5B80949B0923320B2BCCABA /* Pods_flixTests.framework */ = {isa = PBXFileReference; explicitFileType = wrapper.framework; includeInIndex = 0; path = Pods_flixTests.framework; sourceTree = BUILT_PRODUCTS_DIR; };
		CF607756143308DE372614C7 /* Pods_flix.framework */ = {isa = PBXFileReference; explicitFileType = wrapper.framework; includeInIndex = 0; path = Pods_flix.framework; sourceTree = BUILT_PRODUCTS_DIR; };
		D90057C54F21F4FA0427ADD7 /* Pods-flixUITests.debug.xcconfig */ = {isa = PBXFileReference; includeInIndex = 1; lastKnownFileType = text.xcconfig; name = "Pods-flixUITests.debug.xcconfig"; path = "Pods/Target Support Files/Pods-flixUITests/Pods-flixUITests.debug.xcconfig"; sourceTree = "<group>"; };
		E7BDCA39E2B5221C3E7C0ADE /* Pods-flix.debug.xcconfig */ = {isa = PBXFileReference; includeInIndex = 1; lastKnownFileType = text.xcconfig; name = "Pods-flix.debug.xcconfig"; path = "Pods/Target Support Files/Pods-flix/Pods-flix.debug.xcconfig"; sourceTree = "<group>"; };
/* End PBXFileReference section */

/* Begin PBXFrameworksBuildPhase section */
		86FB6BDB1EFB1B1D00FAFC8F /* Frameworks */ = {
			isa = PBXFrameworksBuildPhase;
			buildActionMask = 2147483647;
			files = (
				91AE9E44CE37382100243682 /* Pods_flix.framework in Frameworks */,
			);
			runOnlyForDeploymentPostprocessing = 0;
		};
		86FB6BEF1EFB1B1E00FAFC8F /* Frameworks */ = {
			isa = PBXFrameworksBuildPhase;
			buildActionMask = 2147483647;
			files = (
				79449A9EE9F0732F643D626B /* Pods_flixTests.framework in Frameworks */,
			);
			runOnlyForDeploymentPostprocessing = 0;
		};
		86FB6BFA1EFB1B1E00FAFC8F /* Frameworks */ = {
			isa = PBXFrameworksBuildPhase;
			buildActionMask = 2147483647;
			files = (
				D3F6976C81C65017D48F22B4 /* Pods_flixUITests.framework in Frameworks */,
			);
			runOnlyForDeploymentPostprocessing = 0;
		};
/* End PBXFrameworksBuildPhase section */

/* Begin PBXGroup section */
		6A5736D51EF40277528B13C9 /* Frameworks */ = {
			isa = PBXGroup;
			children = (
				CF607756143308DE372614C7 /* Pods_flix.framework */,
				B5B80949B0923320B2BCCABA /* Pods_flixTests.framework */,
				4C5D2B727355A80E7FC38097 /* Pods_flixUITests.framework */,
			);
			name = Frameworks;
			sourceTree = "<group>";
		};
		7FB5047C5FD6577D14729F58 /* Pods */ = {
			isa = PBXGroup;
			children = (
				E7BDCA39E2B5221C3E7C0ADE /* Pods-flix.debug.xcconfig */,
				0C363325CE2865A952BD3433 /* Pods-flix.release.xcconfig */,
				92672B137D729393525F22A3 /* Pods-flixTests.debug.xcconfig */,
				A5FA29C071776FED3AB77665 /* Pods-flixTests.release.xcconfig */,
				D90057C54F21F4FA0427ADD7 /* Pods-flixUITests.debug.xcconfig */,
				062F966D497890794FC580A8 /* Pods-flixUITests.release.xcconfig */,
			);
			name = Pods;
			sourceTree = "<group>";
		};
		86FB6BD51EFB1B1D00FAFC8F = {
			isa = PBXGroup;
			children = (
				86FB6BE01EFB1B1D00FAFC8F /* flix */,
				86FB6BF51EFB1B1E00FAFC8F /* flixTests */,
				86FB6C001EFB1B1E00FAFC8F /* flixUITests */,
				86FB6BDF1EFB1B1D00FAFC8F /* Products */,
				7FB5047C5FD6577D14729F58 /* Pods */,
				6A5736D51EF40277528B13C9 /* Frameworks */,
			);
			sourceTree = "<group>";
		};
		86FB6BDF1EFB1B1D00FAFC8F /* Products */ = {
			isa = PBXGroup;
			children = (
				86FB6BDE1EFB1B1D00FAFC8F /* flix.app */,
				86FB6BF21EFB1B1E00FAFC8F /* flixTests.xctest */,
				86FB6BFD1EFB1B1E00FAFC8F /* flixUITests.xctest */,
			);
			name = Products;
			sourceTree = "<group>";
		};
		86FB6BE01EFB1B1D00FAFC8F /* flix */ = {
			isa = PBXGroup;
			children = (
				86FB6C8A1EFB30E100FAFC8F /* View Controller */,
				86FB6C851EFB308F00FAFC8F /* Views */,
				86FB6BE11EFB1B1D00FAFC8F /* AppDelegate.swift */,
				86FB6BE51EFB1B1D00FAFC8F /* Main.storyboard */,
				86FB6BE81EFB1B1D00FAFC8F /* Assets.xcassets */,
				86FB6BEA1EFB1B1D00FAFC8F /* LaunchScreen.storyboard */,
				86FB6BED1EFB1B1D00FAFC8F /* Info.plist */,
			);
			path = flix;
			sourceTree = "<group>";
		};
		86FB6BF51EFB1B1E00FAFC8F /* flixTests */ = {
			isa = PBXGroup;
			children = (
				86FB6BF61EFB1B1E00FAFC8F /* flixTests.swift */,
				86FB6BF81EFB1B1E00FAFC8F /* Info.plist */,
			);
			path = flixTests;
			sourceTree = "<group>";
		};
		86FB6C001EFB1B1E00FAFC8F /* flixUITests */ = {
			isa = PBXGroup;
			children = (
				86FB6C011EFB1B1E00FAFC8F /* flixUITests.swift */,
				86FB6C031EFB1B1E00FAFC8F /* Info.plist */,
			);
			path = flixUITests;
			sourceTree = "<group>";
		};
		86FB6C851EFB308F00FAFC8F /* Views */ = {
			isa = PBXGroup;
			children = (
				86FB6C881EFB30D400FAFC8F /* MovieCell.swift */,
				860B48A61EFDC19C003D6FD4 /* PosterCell.swift */,
				86E1EA701EFDEE5000627EB0 /* TopMovieCell.swift */,
			);
			name = Views;
			sourceTree = "<group>";
		};
		86FB6C8A1EFB30E100FAFC8F /* View Controller */ = {
			isa = PBXGroup;
			children = (
				86FB6C831EFB25C500FAFC8F /* MoviesViewController.swift */,
				860B48A41EFD0901003D6FD4 /* DetailViewController.swift */,
				860B48A81EFDC1FF003D6FD4 /* SuperheroViewController.swift */,
				86E1EA6C1EFDEB3D00627EB0 /* TopMoviesViewController.swift */,
			);
			name = "View Controller";
			sourceTree = "<group>";
		};
/* End PBXGroup section */

/* Begin PBXNativeTarget section */
		86FB6BDD1EFB1B1D00FAFC8F /* flix */ = {
			isa = PBXNativeTarget;
			buildConfigurationList = 86FB6C061EFB1B1E00FAFC8F /* Build configuration list for PBXNativeTarget "flix" */;
			buildPhases = (
				ACA4CE19C137D2536BCF8F54 /* [CP] Check Pods Manifest.lock */,
				86FB6BDA1EFB1B1D00FAFC8F /* Sources */,
				86FB6BDB1EFB1B1D00FAFC8F /* Frameworks */,
				86FB6BDC1EFB1B1D00FAFC8F /* Resources */,
				6D9F46B01A932B90956C6C96 /* [CP] Embed Pods Frameworks */,
				3826CBFBF3753533D445B4B6 /* [CP] Copy Pods Resources */,
			);
			buildRules = (
			);
			dependencies = (
			);
			name = flix;
			productName = flix;
			productReference = 86FB6BDE1EFB1B1D00FAFC8F /* flix.app */;
			productType = "com.apple.product-type.application";
		};
		86FB6BF11EFB1B1E00FAFC8F /* flixTests */ = {
			isa = PBXNativeTarget;
			buildConfigurationList = 86FB6C091EFB1B1E00FAFC8F /* Build configuration list for PBXNativeTarget "flixTests" */;
			buildPhases = (
				0A6038590A06B46C8B77719F /* [CP] Check Pods Manifest.lock */,
				86FB6BEE1EFB1B1E00FAFC8F /* Sources */,
				86FB6BEF1EFB1B1E00FAFC8F /* Frameworks */,
				86FB6BF01EFB1B1E00FAFC8F /* Resources */,
				73914583353CA5A90A74B5DA /* [CP] Embed Pods Frameworks */,
				45CEDFE9C1248ECDFF7F589F /* [CP] Copy Pods Resources */,
			);
			buildRules = (
			);
			dependencies = (
				86FB6BF41EFB1B1E00FAFC8F /* PBXTargetDependency */,
			);
			name = flixTests;
			productName = flixTests;
			productReference = 86FB6BF21EFB1B1E00FAFC8F /* flixTests.xctest */;
			productType = "com.apple.product-type.bundle.unit-test";
		};
		86FB6BFC1EFB1B1E00FAFC8F /* flixUITests */ = {
			isa = PBXNativeTarget;
			buildConfigurationList = 86FB6C0C1EFB1B1E00FAFC8F /* Build configuration list for PBXNativeTarget "flixUITests" */;
			buildPhases = (
				5C0C6A166607C81BE40F7E0A /* [CP] Check Pods Manifest.lock */,
				86FB6BF91EFB1B1E00FAFC8F /* Sources */,
				86FB6BFA1EFB1B1E00FAFC8F /* Frameworks */,
				86FB6BFB1EFB1B1E00FAFC8F /* Resources */,
				DE3DA84748DDE2D04D14E701 /* [CP] Embed Pods Frameworks */,
				543CCFA17175A75538CFF03D /* [CP] Copy Pods Resources */,
			);
			buildRules = (
			);
			dependencies = (
				86FB6BFF1EFB1B1E00FAFC8F /* PBXTargetDependency */,
			);
			name = flixUITests;
			productName = flixUITests;
			productReference = 86FB6BFD1EFB1B1E00FAFC8F /* flixUITests.xctest */;
			productType = "com.apple.product-type.bundle.ui-testing";
		};
/* End PBXNativeTarget section */

/* Begin PBXProject section */
		86FB6BD61EFB1B1D00FAFC8F /* Project object */ = {
			isa = PBXProject;
			attributes = {
				LastSwiftUpdateCheck = 0830;
				LastUpgradeCheck = 0830;
				ORGANIZATIONNAME = "Olga Andreeva";
				TargetAttributes = {
					86FB6BDD1EFB1B1D00FAFC8F = {
						CreatedOnToolsVersion = 8.3.2;
						ProvisioningStyle = Automatic;
					};
					86FB6BF11EFB1B1E00FAFC8F = {
						CreatedOnToolsVersion = 8.3.2;
						ProvisioningStyle = Automatic;
						TestTargetID = 86FB6BDD1EFB1B1D00FAFC8F;
					};
					86FB6BFC1EFB1B1E00FAFC8F = {
						CreatedOnToolsVersion = 8.3.2;
						ProvisioningStyle = Automatic;
						TestTargetID = 86FB6BDD1EFB1B1D00FAFC8F;
					};
				};
			};
			buildConfigurationList = 86FB6BD91EFB1B1D00FAFC8F /* Build configuration list for PBXProject "flix" */;
			compatibilityVersion = "Xcode 3.2";
			developmentRegion = English;
			hasScannedForEncodings = 0;
			knownRegions = (
				en,
				Base,
			);
			mainGroup = 86FB6BD51EFB1B1D00FAFC8F;
			productRefGroup = 86FB6BDF1EFB1B1D00FAFC8F /* Products */;
			projectDirPath = "";
			projectRoot = "";
			targets = (
				86FB6BDD1EFB1B1D00FAFC8F /* flix */,
				86FB6BF11EFB1B1E00FAFC8F /* flixTests */,
				86FB6BFC1EFB1B1E00FAFC8F /* flixUITests */,
			);
		};
/* End PBXProject section */

/* Begin PBXResourcesBuildPhase section */
		86FB6BDC1EFB1B1D00FAFC8F /* Resources */ = {
			isa = PBXResourcesBuildPhase;
			buildActionMask = 2147483647;
			files = (
				86FB6BEC1EFB1B1D00FAFC8F /* LaunchScreen.storyboard in Resources */,
				86FB6BE91EFB1B1D00FAFC8F /* Assets.xcassets in Resources */,
				86FB6BE71EFB1B1D00FAFC8F /* Main.storyboard in Resources */,
			);
			runOnlyForDeploymentPostprocessing = 0;
		};
		86FB6BF01EFB1B1E00FAFC8F /* Resources */ = {
			isa = PBXResourcesBuildPhase;
			buildActionMask = 2147483647;
			files = (
			);
			runOnlyForDeploymentPostprocessing = 0;
		};
		86FB6BFB1EFB1B1E00FAFC8F /* Resources */ = {
			isa = PBXResourcesBuildPhase;
			buildActionMask = 2147483647;
			files = (
			);
			runOnlyForDeploymentPostprocessing = 0;
		};
/* End PBXResourcesBuildPhase section */

/* Begin PBXShellScriptBuildPhase section */
		0A6038590A06B46C8B77719F /* [CP] Check Pods Manifest.lock */ = {
			isa = PBXShellScriptBuildPhase;
			buildActionMask = 2147483647;
			files = (
			);
			inputPaths = (
			);
			name = "[CP] Check Pods Manifest.lock";
			outputPaths = (
			);
			runOnlyForDeploymentPostprocessing = 0;
			shellPath = /bin/sh;
			shellScript = "diff \"${PODS_PODFILE_DIR_PATH}/Podfile.lock\" \"${PODS_ROOT}/Manifest.lock\" > /dev/null\nif [ $? != 0 ] ; then\n    # print error to STDERR\n    echo \"error: The sandbox is not in sync with the Podfile.lock. Run 'pod install' or update your CocoaPods installation.\" >&2\n    exit 1\nfi\n";
			showEnvVarsInLog = 0;
		};
		3826CBFBF3753533D445B4B6 /* [CP] Copy Pods Resources */ = {
			isa = PBXShellScriptBuildPhase;
			buildActionMask = 2147483647;
			files = (
			);
			inputPaths = (
			);
			name = "[CP] Copy Pods Resources";
			outputPaths = (
			);
			runOnlyForDeploymentPostprocessing = 0;
			shellPath = /bin/sh;
			shellScript = "\"${SRCROOT}/Pods/Target Support Files/Pods-flix/Pods-flix-resources.sh\"\n";
			showEnvVarsInLog = 0;
		};
		45CEDFE9C1248ECDFF7F589F /* [CP] Copy Pods Resources */ = {
			isa = PBXShellScriptBuildPhase;
			buildActionMask = 2147483647;
			files = (
			);
			inputPaths = (
			);
			name = "[CP] Copy Pods Resources";
			outputPaths = (
			);
			runOnlyForDeploymentPostprocessing = 0;
			shellPath = /bin/sh;
			shellScript = "\"${SRCROOT}/Pods/Target Support Files/Pods-flixTests/Pods-flixTests-resources.sh\"\n";
			showEnvVarsInLog = 0;
		};
		543CCFA17175A75538CFF03D /* [CP] Copy Pods Resources */ = {
			isa = PBXShellScriptBuildPhase;
			buildActionMask = 2147483647;
			files = (
			);
			inputPaths = (
			);
			name = "[CP] Copy Pods Resources";
			outputPaths = (
			);
			runOnlyForDeploymentPostprocessing = 0;
			shellPath = /bin/sh;
			shellScript = "\"${SRCROOT}/Pods/Target Support Files/Pods-flixUITests/Pods-flixUITests-resources.sh\"\n";
			showEnvVarsInLog = 0;
		};
		5C0C6A166607C81BE40F7E0A /* [CP] Check Pods Manifest.lock */ = {
			isa = PBXShellScriptBuildPhase;
			buildActionMask = 2147483647;
			files = (
			);
			inputPaths = (
			);
			name = "[CP] Check Pods Manifest.lock";
			outputPaths = (
			);
			runOnlyForDeploymentPostprocessing = 0;
			shellPath = /bin/sh;
			shellScript = "diff \"${PODS_PODFILE_DIR_PATH}/Podfile.lock\" \"${PODS_ROOT}/Manifest.lock\" > /dev/null\nif [ $? != 0 ] ; then\n    # print error to STDERR\n    echo \"error: The sandbox is not in sync with the Podfile.lock. Run 'pod install' or update your CocoaPods installation.\" >&2\n    exit 1\nfi\n";
			showEnvVarsInLog = 0;
		};
		6D9F46B01A932B90956C6C96 /* [CP] Embed Pods Frameworks */ = {
			isa = PBXShellScriptBuildPhase;
			buildActionMask = 2147483647;
			files = (
			);
			inputPaths = (
			);
			name = "[CP] Embed Pods Frameworks";
			outputPaths = (
			);
			runOnlyForDeploymentPostprocessing = 0;
			shellPath = /bin/sh;
			shellScript = "\"${SRCROOT}/Pods/Target Support Files/Pods-flix/Pods-flix-frameworks.sh\"\n";
			showEnvVarsInLog = 0;
		};
		73914583353CA5A90A74B5DA /* [CP] Embed Pods Frameworks */ = {
			isa = PBXShellScriptBuildPhase;
			buildActionMask = 2147483647;
			files = (
			);
			inputPaths = (
			);
			name = "[CP] Embed Pods Frameworks";
			outputPaths = (
			);
			runOnlyForDeploymentPostprocessing = 0;
			shellPath = /bin/sh;
			shellScript = "\"${SRCROOT}/Pods/Target Support Files/Pods-flixTests/Pods-flixTests-frameworks.sh\"\n";
			showEnvVarsInLog = 0;
		};
		ACA4CE19C137D2536BCF8F54 /* [CP] Check Pods Manifest.lock */ = {
			isa = PBXShellScriptBuildPhase;
			buildActionMask = 2147483647;
			files = (
			);
			inputPaths = (
			);
			name = "[CP] Check Pods Manifest.lock";
			outputPaths = (
			);
			runOnlyForDeploymentPostprocessing = 0;
			shellPath = /bin/sh;
			shellScript = "diff \"${PODS_PODFILE_DIR_PATH}/Podfile.lock\" \"${PODS_ROOT}/Manifest.lock\" > /dev/null\nif [ $? != 0 ] ; then\n    # print error to STDERR\n    echo \"error: The sandbox is not in sync with the Podfile.lock. Run 'pod install' or update your CocoaPods installation.\" >&2\n    exit 1\nfi\n";
			showEnvVarsInLog = 0;
		};
		DE3DA84748DDE2D04D14E701 /* [CP] Embed Pods Frameworks */ = {
			isa = PBXShellScriptBuildPhase;
			buildActionMask = 2147483647;
			files = (
			);
			inputPaths = (
			);
			name = "[CP] Embed Pods Frameworks";
			outputPaths = (
			);
			runOnlyForDeploymentPostprocessing = 0;
			shellPath = /bin/sh;
			shellScript = "\"${SRCROOT}/Pods/Target Support Files/Pods-flixUITests/Pods-flixUITests-frameworks.sh\"\n";
			showEnvVarsInLog = 0;
		};
/* End PBXShellScriptBuildPhase section */

/* Begin PBXSourcesBuildPhase section */
		86FB6BDA1EFB1B1D00FAFC8F /* Sources */ = {
			isa = PBXSourcesBuildPhase;
			buildActionMask = 2147483647;
			files = (
				86E1EA711EFDEE5000627EB0 /* TopMovieCell.swift in Sources */,
				86FB6BE21EFB1B1D00FAFC8F /* AppDelegate.swift in Sources */,
				860B48A71EFDC19C003D6FD4 /* PosterCell.swift in Sources */,
				860B48A91EFDC1FF003D6FD4 /* SuperheroViewController.swift in Sources */,
				86FB6C841EFB25C500FAFC8F /* MoviesViewController.swift in Sources */,
				86FB6C891EFB30D400FAFC8F /* MovieCell.swift in Sources */,
				86E1EA6D1EFDEB3D00627EB0 /* TopMoviesViewController.swift in Sources */,
				860B48A51EFD0901003D6FD4 /* DetailViewController.swift in Sources */,
			);
			runOnlyForDeploymentPostprocessing = 0;
		};
		86FB6BEE1EFB1B1E00FAFC8F /* Sources */ = {
			isa = PBXSourcesBuildPhase;
			buildActionMask = 2147483647;
			files = (
				86FB6BF71EFB1B1E00FAFC8F /* flixTests.swift in Sources */,
			);
			runOnlyForDeploymentPostprocessing = 0;
		};
		86FB6BF91EFB1B1E00FAFC8F /* Sources */ = {
			isa = PBXSourcesBuildPhase;
			buildActionMask = 2147483647;
			files = (
				86FB6C021EFB1B1E00FAFC8F /* flixUITests.swift in Sources */,
			);
			runOnlyForDeploymentPostprocessing = 0;
		};
/* End PBXSourcesBuildPhase section */

/* Begin PBXTargetDependency section */
		86FB6BF41EFB1B1E00FAFC8F /* PBXTargetDependency */ = {
			isa = PBXTargetDependency;
			target = 86FB6BDD1EFB1B1D00FAFC8F /* flix */;
			targetProxy = 86FB6BF31EFB1B1E00FAFC8F /* PBXContainerItemProxy */;
		};
		86FB6BFF1EFB1B1E00FAFC8F /* PBXTargetDependency */ = {
			isa = PBXTargetDependency;
			target = 86FB6BDD1EFB1B1D00FAFC8F /* flix */;
			targetProxy = 86FB6BFE1EFB1B1E00FAFC8F /* PBXContainerItemProxy */;
		};
/* End PBXTargetDependency section */

/* Begin PBXVariantGroup section */
		86FB6BE51EFB1B1D00FAFC8F /* Main.storyboard */ = {
			isa = PBXVariantGroup;
			children = (
				86FB6BE61EFB1B1D00FAFC8F /* Base */,
			);
			name = Main.storyboard;
			sourceTree = "<group>";
		};
		86FB6BEA1EFB1B1D00FAFC8F /* LaunchScreen.storyboard */ = {
			isa = PBXVariantGroup;
			children = (
				86FB6BEB1EFB1B1D00FAFC8F /* Base */,
			);
			name = LaunchScreen.storyboard;
			sourceTree = "<group>";
		};
/* End PBXVariantGroup section */

/* Begin XCBuildConfiguration section */
		86FB6C041EFB1B1E00FAFC8F /* Debug */ = {
			isa = XCBuildConfiguration;
			buildSettings = {
				ALWAYS_SEARCH_USER_PATHS = NO;
				CLANG_ANALYZER_NONNULL = YES;
				CLANG_ANALYZER_NUMBER_OBJECT_CONVERSION = YES_AGGRESSIVE;
				CLANG_CXX_LANGUAGE_STANDARD = "gnu++0x";
				CLANG_CXX_LIBRARY = "libc++";
				CLANG_ENABLE_MODULES = YES;
				CLANG_ENABLE_OBJC_ARC = YES;
				CLANG_WARN_BOOL_CONVERSION = YES;
				CLANG_WARN_CONSTANT_CONVERSION = YES;
				CLANG_WARN_DIRECT_OBJC_ISA_USAGE = YES_ERROR;
				CLANG_WARN_DOCUMENTATION_COMMENTS = YES;
				CLANG_WARN_EMPTY_BODY = YES;
				CLANG_WARN_ENUM_CONVERSION = YES;
				CLANG_WARN_INFINITE_RECURSION = YES;
				CLANG_WARN_INT_CONVERSION = YES;
				CLANG_WARN_OBJC_ROOT_CLASS = YES_ERROR;
				CLANG_WARN_SUSPICIOUS_MOVE = YES;
				CLANG_WARN_UNREACHABLE_CODE = YES;
				CLANG_WARN__DUPLICATE_METHOD_MATCH = YES;
				"CODE_SIGN_IDENTITY[sdk=iphoneos*]" = "iPhone Developer";
				COPY_PHASE_STRIP = NO;
				DEBUG_INFORMATION_FORMAT = dwarf;
				ENABLE_STRICT_OBJC_MSGSEND = YES;
				ENABLE_TESTABILITY = YES;
				GCC_C_LANGUAGE_STANDARD = gnu99;
				GCC_DYNAMIC_NO_PIC = NO;
				GCC_NO_COMMON_BLOCKS = YES;
				GCC_OPTIMIZATION_LEVEL = 0;
				GCC_PREPROCESSOR_DEFINITIONS = (
					"DEBUG=1",
					"$(inherited)",
				);
				GCC_WARN_64_TO_32_BIT_CONVERSION = YES;
				GCC_WARN_ABOUT_RETURN_TYPE = YES_ERROR;
				GCC_WARN_UNDECLARED_SELECTOR = YES;
				GCC_WARN_UNINITIALIZED_AUTOS = YES_AGGRESSIVE;
				GCC_WARN_UNUSED_FUNCTION = YES;
				GCC_WARN_UNUSED_VARIABLE = YES;
				IPHONEOS_DEPLOYMENT_TARGET = 10.3;
				MTL_ENABLE_DEBUG_INFO = YES;
				ONLY_ACTIVE_ARCH = YES;
				SDKROOT = iphoneos;
				SWIFT_ACTIVE_COMPILATION_CONDITIONS = DEBUG;
				SWIFT_OPTIMIZATION_LEVEL = "-Onone";
			};
			name = Debug;
		};
		86FB6C051EFB1B1E00FAFC8F /* Release */ = {
			isa = XCBuildConfiguration;
			buildSettings = {
				ALWAYS_SEARCH_USER_PATHS = NO;
				CLANG_ANALYZER_NONNULL = YES;
				CLANG_ANALYZER_NUMBER_OBJECT_CONVERSION = YES_AGGRESSIVE;
				CLANG_CXX_LANGUAGE_STANDARD = "gnu++0x";
				CLANG_CXX_LIBRARY = "libc++";
				CLANG_ENABLE_MODULES = YES;
				CLANG_ENABLE_OBJC_ARC = YES;
				CLANG_WARN_BOOL_CONVERSION = YES;
				CLANG_WARN_CONSTANT_CONVERSION = YES;
				CLANG_WARN_DIRECT_OBJC_ISA_USAGE = YES_ERROR;
				CLANG_WARN_DOCUMENTATION_COMMENTS = YES;
				CLANG_WARN_EMPTY_BODY = YES;
				CLANG_WARN_ENUM_CONVERSION = YES;
				CLANG_WARN_INFINITE_RECURSION = YES;
				CLANG_WARN_INT_CONVERSION = YES;
				CLANG_WARN_OBJC_ROOT_CLASS = YES_ERROR;
				CLANG_WARN_SUSPICIOUS_MOVE = YES;
				CLANG_WARN_UNREACHABLE_CODE = YES;
				CLANG_WARN__DUPLICATE_METHOD_MATCH = YES;
				"CODE_SIGN_IDENTITY[sdk=iphoneos*]" = "iPhone Developer";
				COPY_PHASE_STRIP = NO;
				DEBUG_INFORMATION_FORMAT = "dwarf-with-dsym";
				ENABLE_NS_ASSERTIONS = NO;
				ENABLE_STRICT_OBJC_MSGSEND = YES;
				GCC_C_LANGUAGE_STANDARD = gnu99;
				GCC_NO_COMMON_BLOCKS = YES;
				GCC_WARN_64_TO_32_BIT_CONVERSION = YES;
				GCC_WARN_ABOUT_RETURN_TYPE = YES_ERROR;
				GCC_WARN_UNDECLARED_SELECTOR = YES;
				GCC_WARN_UNINITIALIZED_AUTOS = YES_AGGRESSIVE;
				GCC_WARN_UNUSED_FUNCTION = YES;
				GCC_WARN_UNUSED_VARIABLE = YES;
				IPHONEOS_DEPLOYMENT_TARGET = 10.3;
				MTL_ENABLE_DEBUG_INFO = NO;
				SDKROOT = iphoneos;
				SWIFT_OPTIMIZATION_LEVEL = "-Owholemodule";
				VALIDATE_PRODUCT = YES;
			};
			name = Release;
		};
		86FB6C071EFB1B1E00FAFC8F /* Debug */ = {
			isa = XCBuildConfiguration;
			baseConfigurationReference = E7BDCA39E2B5221C3E7C0ADE /* Pods-flix.debug.xcconfig */;
			buildSettings = {
				ASSETCATALOG_COMPILER_APPICON_NAME = AppIcon;
				INFOPLIST_FILE = flix/Info.plist;
				LD_RUNPATH_SEARCH_PATHS = "$(inherited) @executable_path/Frameworks";
				PRODUCT_BUNDLE_IDENTIFIER = com.olga.flix;
				PRODUCT_NAME = "$(TARGET_NAME)";
				SWIFT_VERSION = 3.0;
			};
			name = Debug;
		};
		86FB6C081EFB1B1E00FAFC8F /* Release */ = {
			isa = XCBuildConfiguration;
			baseConfigurationReference = 0C363325CE2865A952BD3433 /* Pods-flix.release.xcconfig */;
			buildSettings = {
				ASSETCATALOG_COMPILER_APPICON_NAME = AppIcon;
				INFOPLIST_FILE = flix/Info.plist;
				LD_RUNPATH_SEARCH_PATHS = "$(inherited) @executable_path/Frameworks";
				PRODUCT_BUNDLE_IDENTIFIER = com.olga.flix;
				PRODUCT_NAME = "$(TARGET_NAME)";
				SWIFT_VERSION = 3.0;
			};
			name = Release;
		};
		86FB6C0A1EFB1B1E00FAFC8F /* Debug */ = {
			isa = XCBuildConfiguration;
			baseConfigurationReference = 92672B137D729393525F22A3 /* Pods-flixTests.debug.xcconfig */;
			buildSettings = {
				ALWAYS_EMBED_SWIFT_STANDARD_LIBRARIES = YES;
				BUNDLE_LOADER = "$(TEST_HOST)";
				INFOPLIST_FILE = flixTests/Info.plist;
				LD_RUNPATH_SEARCH_PATHS = "$(inherited) @executable_path/Frameworks @loader_path/Frameworks";
				PRODUCT_BUNDLE_IDENTIFIER = com.olga.flixTests;
				PRODUCT_NAME = "$(TARGET_NAME)";
				SWIFT_VERSION = 3.0;
				TEST_HOST = "$(BUILT_PRODUCTS_DIR)/flix.app/flix";
			};
			name = Debug;
		};
		86FB6C0B1EFB1B1E00FAFC8F /* Release */ = {
			isa = XCBuildConfiguration;
			baseConfigurationReference = A5FA29C071776FED3AB77665 /* Pods-flixTests.release.xcconfig */;
			buildSettings = {
				ALWAYS_EMBED_SWIFT_STANDARD_LIBRARIES = YES;
				BUNDLE_LOADER = "$(TEST_HOST)";
				INFOPLIST_FILE = flixTests/Info.plist;
				LD_RUNPATH_SEARCH_PATHS = "$(inherited) @executable_path/Frameworks @loader_path/Frameworks";
				PRODUCT_BUNDLE_IDENTIFIER = com.olga.flixTests;
				PRODUCT_NAME = "$(TARGET_NAME)";
				SWIFT_VERSION = 3.0;
				TEST_HOST = "$(BUILT_PRODUCTS_DIR)/flix.app/flix";
			};
			name = Release;
		};
		86FB6C0D1EFB1B1E00FAFC8F /* Debug */ = {
			isa = XCBuildConfiguration;
			baseConfigurationReference = D90057C54F21F4FA0427ADD7 /* Pods-flixUITests.debug.xcconfig */;
			buildSettings = {
				ALWAYS_EMBED_SWIFT_STANDARD_LIBRARIES = YES;
				INFOPLIST_FILE = flixUITests/Info.plist;
				LD_RUNPATH_SEARCH_PATHS = "$(inherited) @executable_path/Frameworks @loader_path/Frameworks";
				PRODUCT_BUNDLE_IDENTIFIER = com.olga.flixUITests;
				PRODUCT_NAME = "$(TARGET_NAME)";
				SWIFT_VERSION = 3.0;
				TEST_TARGET_NAME = flix;
			};
			name = Debug;
		};
		86FB6C0E1EFB1B1E00FAFC8F /* Release */ = {
			isa = XCBuildConfiguration;
			baseConfigurationReference = 062F966D497890794FC580A8 /* Pods-flixUITests.release.xcconfig */;
			buildSettings = {
				ALWAYS_EMBED_SWIFT_STANDARD_LIBRARIES = YES;
				INFOPLIST_FILE = flixUITests/Info.plist;
				LD_RUNPATH_SEARCH_PATHS = "$(inherited) @executable_path/Frameworks @loader_path/Frameworks";
				PRODUCT_BUNDLE_IDENTIFIER = com.olga.flixUITests;
				PRODUCT_NAME = "$(TARGET_NAME)";
				SWIFT_VERSION = 3.0;
				TEST_TARGET_NAME = flix;
			};
			name = Release;
		};
/* End XCBuildConfiguration section */

/* Begin XCConfigurationList section */
		86FB6BD91EFB1B1D00FAFC8F /* Build configuration list for PBXProject "flix" */ = {
			isa = XCConfigurationList;
			buildConfigurations = (
				86FB6C041EFB1B1E00FAFC8F /* Debug */,
				86FB6C051EFB1B1E00FAFC8F /* Release */,
			);
			defaultConfigurationIsVisible = 0;
			defaultConfigurationName = Release;
		};
		86FB6C061EFB1B1E00FAFC8F /* Build configuration list for PBXNativeTarget "flix" */ = {
			isa = XCConfigurationList;
			buildConfigurations = (
				86FB6C071EFB1B1E00FAFC8F /* Debug */,
				86FB6C081EFB1B1E00FAFC8F /* Release */,
			);
			defaultConfigurationIsVisible = 0;
			defaultConfigurationName = Release;
		};
		86FB6C091EFB1B1E00FAFC8F /* Build configuration list for PBXNativeTarget "flixTests" */ = {
			isa = XCConfigurationList;
			buildConfigurations = (
				86FB6C0A1EFB1B1E00FAFC8F /* Debug */,
				86FB6C0B1EFB1B1E00FAFC8F /* Release */,
			);
			defaultConfigurationIsVisible = 0;
			defaultConfigurationName = Release;
		};
		86FB6C0C1EFB1B1E00FAFC8F /* Build configuration list for PBXNativeTarget "flixUITests" */ = {
			isa = XCConfigurationList;
			buildConfigurations = (
				86FB6C0D1EFB1B1E00FAFC8F /* Debug */,
				86FB6C0E1EFB1B1E00FAFC8F /* Release */,
			);
			defaultConfigurationIsVisible = 0;
			defaultConfigurationName = Release;
		};
/* End XCConfigurationList section */
	};
	rootObject = 86FB6BD61EFB1B1D00FAFC8F /* Project object */;
}
